
Microsoft Visual Studio Solution File, Format Version 12.00
# Visual Studio Version 17
VisualStudioVersion = 17.11.35327.3
MinimumVisualStudioVersion = 10.0.40219.1
Project("{FAE04EC0-301F-11D3-BF4B-00C04F79EFBC}") = "h2o", "h2o.csproj", "{20C668E7-DC63-41D0-91CB-3E9A681E87A3}"
EndProject
Project("{FAE04EC0-301F-11D3-BF4B-00C04F79EFBC}") = "h2o-service", "h2o-service\h2o-service.csproj", "{1B9D313A-F089-402A-8E40-9D21FCC86A35}"
EndProject
Project("{FAE04EC0-301F-11D3-BF4B-00C04F79EFBC}") = "h2o-library", "h2o-library\h2o-library.csproj", "{8EB39797-2CC5-4F03-8E54-B75477B9581B}"
EndProject
Project("{FAE04EC0-301F-11D3-BF4B-00C04F79EFBC}") = "TestApplication", "TestApplication\TestApplication.csproj", "{2E9DAF52-506D-4C8F-9CC5-C96BEC2DD828}"
EndProject
Global
	GlobalSection(SolutionConfigurationPlatforms) = preSolution
		Debug|Any CPU = Debug|Any CPU
		Release|Any CPU = Release|Any CPU
	EndGlobalSection
	GlobalSection(ProjectConfigurationPlatforms) = postSolution
		{20C668E7-DC63-41D0-91CB-3E9A681E87A3}.Debug|Any CPU.ActiveCfg = Debug|Any CPU
		{20C668E7-DC63-41D0-91CB-3E9A681E87A3}.Debug|Any CPU.Build.0 = Debug|Any CPU
		{20C668E7-DC63-41D0-91CB-3E9A681E87A3}.Release|Any CPU.ActiveCfg = Release|Any CPU
		{20C668E7-DC63-41D0-91CB-3E9A681E87A3}.Release|Any CPU.Build.0 = Release|Any CPU
		{1B9D313A-F089-402A-8E40-9D21FCC86A35}.Debug|Any CPU.ActiveCfg = Debug|Any CPU
		{1B9D313A-F089-402A-8E40-9D21FCC86A35}.Debug|Any CPU.Build.0 = Debug|Any CPU
		{1B9D313A-F089-402A-8E40-9D21FCC86A35}.Release|Any CPU.ActiveCfg = Release|Any CPU
		{1B9D313A-F089-402A-8E40-9D21FCC86A35}.Release|Any CPU.Build.0 = Release|Any CPU
		{8EB39797-2CC5-4F03-8E54-B75477B9581B}.Debug|Any CPU.ActiveCfg = Debug|Any CPU
		{8EB39797-2CC5-4F03-8E54-B75477B9581B}.Debug|Any CPU.Build.0 = Debug|Any CPU
		{8EB39797-2CC5-4F03-8E54-B75477B9581B}.Release|Any CPU.ActiveCfg = Release|Any CPU
		{8EB39797-2CC5-4F03-8E54-B75477B9581B}.Release|Any CPU.Build.0 = Release|Any CPU
	EndGlobalSection
	GlobalSection(SolutionProperties) = preSolution
		HideSolutionNode = FALSE
	EndGlobalSection
	GlobalSection(ExtensibilityGlobals) = postSolution
		SolutionGuid = {F9944966-DFB4-4A3D-81FB-296BDA416A28}
	EndGlobalSection
EndGlobal
